
Microsoft Visual Studio Solution File, Format Version 12.00
# Visual Studio Version 16
VisualStudioVersion = 16.0.31205.134
MinimumVisualStudioVersion = 10.0.40219.1
Project("{9A19103F-16F7-4668-BE54-9A1E7A4F7556}") = "Calculadora_", "Calculadora_\Calculadora_.csproj", "{BE6C731C-CD69-4F6A-8160-A9C284E43D27}"
EndProject
Project("{FAE04EC0-301F-11D3-BF4B-00C04F79EFBC}") = "Calculo_Teste", "Calculo_Teste\Calculo_Teste.csproj", "{3A1C9D41-A3C1-43B3-8C7B-D84AB530A5C0}"
EndProject
Global
	GlobalSection(SolutionConfigurationPlatforms) = preSolution
		Debug|Any CPU = Debug|Any CPU
		Release|Any CPU = Release|Any CPU
	EndGlobalSection
	GlobalSection(ProjectConfigurationPlatforms) = postSolution
		{BE6C731C-CD69-4F6A-8160-A9C284E43D27}.Debug|Any CPU.ActiveCfg = Debug|Any CPU
		{BE6C731C-CD69-4F6A-8160-A9C284E43D27}.Debug|Any CPU.Build.0 = Debug|Any CPU
		{BE6C731C-CD69-4F6A-8160-A9C284E43D27}.Release|Any CPU.ActiveCfg = Release|Any CPU
		{BE6C731C-CD69-4F6A-8160-A9C284E43D27}.Release|Any CPU.Build.0 = Release|Any CPU
		{3A1C9D41-A3C1-43B3-8C7B-D84AB530A5C0}.Debug|Any CPU.ActiveCfg = Debug|Any CPU
		{3A1C9D41-A3C1-43B3-8C7B-D84AB530A5C0}.Debug|Any CPU.Build.0 = Debug|Any CPU
		{3A1C9D41-A3C1-43B3-8C7B-D84AB530A5C0}.Release|Any CPU.ActiveCfg = Release|Any CPU
		{3A1C9D41-A3C1-43B3-8C7B-D84AB530A5C0}.Release|Any CPU.Build.0 = Release|Any CPU
	EndGlobalSection
	GlobalSection(SolutionProperties) = preSolution
		HideSolutionNode = FALSE
	EndGlobalSection
	GlobalSection(ExtensibilityGlobals) = postSolution
		SolutionGuid = {87FD154E-4D78-4C1C-94D9-87811F81680C}
	EndGlobalSection
EndGlobal
